
Microsoft Visual Studio Solution File, Format Version 9.00
# Visual Studio 2005
Project("{E24C65DC-7377-472B-9ABA-BC803B73C61A}") = "http://localhost/PROJECT/", "http://localhost/PROJECT", "{A32BA9E3-1A76-40DC-ACA6-554EB35F096E}"
	ProjectSection(WebsiteProperties) = preProject
		ProjectReferences = ""
		Debug.AspNetCompiler.VirtualPath = "/PROJECT"
		Debug.AspNetCompiler.PhysicalPath = "..\..\..\..\..\..\inetpub\wwwroot\PROJECT\"
		Debug.AspNetCompiler.TargetPath = "PrecompiledWeb\PROJECT\"
		Debug.AspNetCompiler.Updateable = "true"
		Debug.AspNetCompiler.ForceOverwrite = "true"
		Debug.AspNetCompiler.FixedNames = "false"
		Debug.AspNetCompiler.Debug = "True"
		Release.AspNetCompiler.VirtualPath = "/PROJECT"
		Release.AspNetCompiler.PhysicalPath = "..\..\..\..\..\..\inetpub\wwwroot\PROJECT\"
		Release.AspNetCompiler.TargetPath = "PrecompiledWeb\PROJECT\"
		Release.AspNetCompiler.Updateable = "true"
		Release.AspNetCompiler.ForceOverwrite = "true"
		Release.AspNetCompiler.FixedNames = "false"
		Release.AspNetCompiler.Debug = "False"
		SlnRelativePath = "..\..\..\..\..\..\inetpub\wwwroot\PROJECT\"
		DefaultWebSiteLanguage = "Visual Basic"
	EndProjectSection
EndProject
Global
	GlobalSection(SolutionConfigurationPlatforms) = preSolution
		Debug|.NET = Debug|.NET
		Debug|Any CPU = Debug|Any CPU
		Debug|Mixed Platforms = Debug|Mixed Platforms
		Release|.NET = Release|.NET
		Release|Any CPU = Release|Any CPU
		Release|Mixed Platforms = Release|Mixed Platforms
	EndGlobalSection
	GlobalSection(ProjectConfigurationPlatforms) = postSolution
		{A32BA9E3-1A76-40DC-ACA6-554EB35F096E}.Debug|.NET.ActiveCfg = Debug|.NET
		{A32BA9E3-1A76-40DC-ACA6-554EB35F096E}.Debug|.NET.Build.0 = Debug|.NET
		{A32BA9E3-1A76-40DC-ACA6-554EB35F096E}.Debug|Any CPU.ActiveCfg = Debug|.NET
		{A32BA9E3-1A76-40DC-ACA6-554EB35F096E}.Debug|Mixed Platforms.ActiveCfg = Debug|.NET
		{A32BA9E3-1A76-40DC-ACA6-554EB35F096E}.Release|.NET.ActiveCfg = Debug|.NET
		{A32BA9E3-1A76-40DC-ACA6-554EB35F096E}.Release|.NET.Build.0 = Debug|.NET
		{A32BA9E3-1A76-40DC-ACA6-554EB35F096E}.Release|Any CPU.ActiveCfg = Debug|.NET
		{A32BA9E3-1A76-40DC-ACA6-554EB35F096E}.Release|Mixed Platforms.ActiveCfg = Debug|.NET
		{A32BA9E3-1A76-40DC-ACA6-554EB35F096E}.Release|Mixed Platforms.Build.0 = Debug|.NET
	EndGlobalSection
	GlobalSection(SolutionProperties) = preSolution
		HideSolutionNode = FALSE
	EndGlobalSection
EndGlobal
